
Microsoft Visual Studio Solution File, Format Version 12.00
# Visual Studio Version 17
VisualStudioVersion = 17.7.34202.233
MinimumVisualStudioVersion = 10.0.40219.1
Project("{FAE04EC0-301F-11D3-BF4B-00C04F79EFBC}") = "Hothouse", "Hothouse.csproj", "{C187037A-3265-48C4-BCC3-36ED42111224}"
EndProject
Global
	GlobalSection(SolutionConfigurationPlatforms) = preSolution
		Debug|Any CPU = Debug|Any CPU
		Release|Any CPU = Release|Any CPU
	EndGlobalSection
	GlobalSection(ProjectConfigurationPlatforms) = postSolution
		{C187037A-3265-48C4-BCC3-36ED42111224}.Debug|Any CPU.ActiveCfg = Debug|Any CPU
		{C187037A-3265-48C4-BCC3-36ED42111224}.Debug|Any CPU.Build.0 = Debug|Any CPU
		{C187037A-3265-48C4-BCC3-36ED42111224}.Release|Any CPU.ActiveCfg = Release|Any CPU
		{C187037A-3265-48C4-BCC3-36ED42111224}.Release|Any CPU.Build.0 = Release|Any CPU
	EndGlobalSection
	GlobalSection(SolutionProperties) = preSolution
		HideSolutionNode = FALSE
	EndGlobalSection
	GlobalSection(ExtensibilityGlobals) = postSolution
		SolutionGuid = {38FCF1BF-5081-4766-905A-BD6965EF2EC0}
	EndGlobalSection
EndGlobal
